{
  "version": 4,
  "terraform_version": "1.15.1",
  "serial": 200,
  "lineage": "f833f3df-2573-0333-4379-b26922660021",
  "outputs": {
    "public_dns": {
      "value": "ec2-52-15-63-4.us-east-2.compute.amazonaws.com",
      "type": "string"
    }
  },
  "resources": [
    {
      "mode": "managed",
      "type": "aws_network_acl_rule",
      "name": "allow_inbound_http",
      "provider": "provider[\"registry.terraform.io/hashicorp/aws\"]",
      "instances": [
        {
          "schema_version": 0,
          "attributes": {
            "cidr_block": "0.0.0.0/0",
            "egress": false,
            "from_port": 80,
            "icmp_code": null,
            "icmp_type": null,
            "id": "nacl-1782371374",
            "ipv6_cidr_block": "",
            "network_acl_id": "acl-05014e76297a47d6b",
            "protocol": "6",
            "region": "us-east-2",
            "rule_action": "allow",
            "rule_number": 100,
            "to_port": 80
          },
          "sensitive_attributes": [],
          "identity_schema_version": 0,
          "identity": {
            "account_id": "202077789918",
            "egress": false,
            "network_acl_id": "acl-05014e76297a47d6b",
            "protocol": "6",
            "region": "us-east-2",
            "rule_number": 100
          },
          "private": "bnVsbA==",
          "dependencies": [
            "module.vpc.aws_network_acl.app_network_acl",
            "module.vpc.aws_vpc.vpc"
          ]
        }
      ]
    },
    {
      "mode": "managed",
      "type": "aws_network_acl_rule",
      "name": "allow_inbound_https",
      "provider": "provider[\"registry.terraform.io/hashicorp/aws\"]",
      "instances": [
        {
          "schema_version": 0,
          "attributes": {
            "cidr_block": "0.0.0.0/0",
            "egress": false,
            "from_port": 443,
            "icmp_code": null,
            "icmp_type": null,
            "id": "nacl-4070548286",
            "ipv6_cidr_block": "",
            "network_acl_id": "acl-05014e76297a47d6b",
            "protocol": "6",
            "region": "us-east-2",
            "rule_action": "allow",
            "rule_number": 105,
            "to_port": 443
          },
          "sensitive_attributes": [],
          "identity_schema_version": 0,
          "identity": {
            "account_id": "202077789918",
            "egress": false,
            "network_acl_id": "acl-05014e76297a47d6b",
            "protocol": "6",
            "region": "us-east-2",
            "rule_number": 105
          },
          "private": "bnVsbA==",
          "dependencies": [
            "module.vpc.aws_network_acl.app_network_acl",
            "module.vpc.aws_vpc.vpc"
          ]
        }
      ]
    },
    {
      "mode": "managed",
      "type": "aws_network_acl_rule",
      "name": "allow_inbound_return_internet_traffic",
      "provider": "provider[\"registry.terraform.io/hashicorp/aws\"]",
      "instances": [
        {
          "schema_version": 0,
          "attributes": {
            "cidr_block": "0.0.0.0/0",
            "egress": false,
            "from_port": 1024,
            "icmp_code": null,
            "icmp_type": null,
            "id": "nacl-789150395",
            "ipv6_cidr_block": "",
            "network_acl_id": "acl-05014e76297a47d6b",
            "protocol": "6",
            "region": "us-east-2",
            "rule_action": "allow",
            "rule_number": 115,
            "to_port": 65535
          },
          "sensitive_attributes": [],
          "identity_schema_version": 0,
          "identity": {
            "account_id": "202077789918",
            "egress": false,
            "network_acl_id": "acl-05014e76297a47d6b",
            "protocol": "6",
            "region": "us-east-2",
            "rule_number": 115
          },
          "private": "bnVsbA==",
          "dependencies": [
            "module.vpc.aws_network_acl.app_network_acl",
            "module.vpc.aws_vpc.vpc"
          ]
        }
      ]
    },
    {
      "mode": "managed",
      "type": "aws_network_acl_rule",
      "name": "allow_inbound_ssh",
      "provider": "provider[\"registry.terraform.io/hashicorp/aws\"]",
      "instances": [
        {
          "schema_version": 0,
          "attributes": {
            "cidr_block": "0.0.0.0/0",
            "egress": false,
            "from_port": 22,
            "icmp_code": null,
            "icmp_type": null,
            "id": "nacl-3081375147",
            "ipv6_cidr_block": "",
            "network_acl_id": "acl-05014e76297a47d6b",
            "protocol": "6",
            "region": "us-east-2",
            "rule_action": "allow",
            "rule_number": 110,
            "to_port": 22
          },
          "sensitive_attributes": [],
          "identity_schema_version": 0,
          "identity": {
            "account_id": "202077789918",
            "egress": false,
            "network_acl_id": "acl-05014e76297a47d6b",
            "protocol": "6",
            "region": "us-east-2",
            "rule_number": 110
          },
          "private": "bnVsbA==",
          "dependencies": [
            "module.vpc.aws_network_acl.app_network_acl",
            "module.vpc.aws_vpc.vpc"
          ]
        }
      ]
    },
    {
      "mode": "managed",
      "type": "aws_network_acl_rule",
      "name": "allow_outbound_http",
      "provider": "provider[\"registry.terraform.io/hashicorp/aws\"]",
      "instances": [
        {
          "schema_version": 0,
          "attributes": {
            "cidr_block": "0.0.0.0/0",
            "egress": true,
            "from_port": 80,
            "icmp_code": null,
            "icmp_type": null,
            "id": "nacl-383315570",
            "ipv6_cidr_block": "",
            "network_acl_id": "acl-05014e76297a47d6b",
            "protocol": "6",
            "region": "us-east-2",
            "rule_action": "allow",
            "rule_number": 105,
            "to_port": 80
          },
          "sensitive_attributes": [],
          "identity_schema_version": 0,
          "identity": {
            "account_id": "202077789918",
            "egress": true,
            "network_acl_id": "acl-05014e76297a47d6b",
            "protocol": "6",
            "region": "us-east-2",
            "rule_number": 105
          },
          "private": "bnVsbA==",
          "dependencies": [
            "module.vpc.aws_network_acl.app_network_acl",
            "module.vpc.aws_vpc.vpc"
          ]
        }
      ]
    },
    {
      "mode": "managed",
      "type": "aws_network_acl_rule",
      "name": "allow_outbound_https",
      "provider": "provider[\"registry.terraform.io/hashicorp/aws\"]",
      "instances": [
        {
          "schema_version": 0,
          "attributes": {
            "cidr_block": "0.0.0.0/0",
            "egress": true,
            "from_port": 443,
            "icmp_code": null,
            "icmp_type": null,
            "id": "nacl-4230614623",
            "ipv6_cidr_block": "",
            "network_acl_id": "acl-05014e76297a47d6b",
            "protocol": "6",
            "region": "us-east-2",
            "rule_action": "allow",
            "rule_number": 110,
            "to_port": 443
          },
          "sensitive_attributes": [],
          "identity_schema_version": 0,
          "identity": {
            "account_id": "202077789918",
            "egress": true,
            "network_acl_id": "acl-05014e76297a47d6b",
            "protocol": "6",
            "region": "us-east-2",
            "rule_number": 110
          },
          "private": "bnVsbA==",
          "dependencies": [
            "module.vpc.aws_network_acl.app_network_acl",
            "module.vpc.aws_vpc.vpc"
          ]
        }
      ]
    },
    {
      "mode": "managed",
      "type": "aws_network_acl_rule",
      "name": "allow_outbound_return_traffic",
      "provider": "provider[\"registry.terraform.io/hashicorp/aws\"]",
      "instances": [
        {
          "schema_version": 0,
          "attributes": {
            "cidr_block": "0.0.0.0/0",
            "egress": true,
            "from_port": 1024,
            "icmp_code": null,
            "icmp_type": null,
            "id": "nacl-1737441840",
            "ipv6_cidr_block": "",
            "network_acl_id": "acl-05014e76297a47d6b",
            "protocol": "6",
            "region": "us-east-2",
            "rule_action": "allow",
            "rule_number": 100,
            "to_port": 65535
          },
          "sensitive_attributes": [],
          "identity_schema_version": 0,
          "identity": {
            "account_id": "202077789918",
            "egress": true,
            "network_acl_id": "acl-05014e76297a47d6b",
            "protocol": "6",
            "region": "us-east-2",
            "rule_number": 100
          },
          "private": "bnVsbA==",
          "dependencies": [
            "module.vpc.aws_network_acl.app_network_acl",
            "module.vpc.aws_vpc.vpc"
          ]
        }
      ]
    },
    {
      "mode": "managed",
      "type": "aws_route",
      "name": "enable_public_subnet",
      "provider": "provider[\"registry.terraform.io/hashicorp/aws\"]",
      "instances": [
        {
          "schema_version": 0,
          "attributes": {
            "carrier_gateway_id": "",
            "core_network_arn": "",
            "destination_cidr_block": "0.0.0.0/0",
            "destination_ipv6_cidr_block": "",
            "destination_prefix_list_id": "",
            "egress_only_gateway_id": "",
            "gateway_id": "igw-07b89bf7deef1fa16",
            "id": "r-rtb-087213a2a8c5fdd671080289494",
            "instance_id": "",
            "instance_owner_id": "",
            "local_gateway_id": "",
            "nat_gateway_id": "",
            "network_interface_id": "",
            "origin": "CreateRoute",
            "region": "us-east-2",
            "route_table_id": "rtb-087213a2a8c5fdd67",
            "state": "active",
            "timeouts": null,
            "transit_gateway_id": "",
            "vpc_endpoint_id": "",
            "vpc_peering_connection_id": ""
          },
          "sensitive_attributes": [],
          "identity_schema_version": 0,
          "identity": {
            "account_id": "202077789918",
            "destination_cidr_block": "0.0.0.0/0",
            "destination_ipv6_cidr_block": null,
            "destination_prefix_list_id": null,
            "region": "us-east-2",
            "route_table_id": "rtb-087213a2a8c5fdd67"
          },
          "private": "eyJlMmJmYjczMC1lY2FhLTExZTYtOGY4OC0zNDM2M2JjN2M0YzAiOnsiY3JlYXRlIjozMDAwMDAwMDAwMDAsImRlbGV0ZSI6MzAwMDAwMDAwMDAwLCJ1cGRhdGUiOjEyMDAwMDAwMDAwMH19",
          "dependencies": [
            "module.vpc.aws_internet_gateway.gw",
            "module.vpc.aws_route_table.subnet_route_table",
            "module.vpc.aws_vpc.vpc"
          ]
        }
      ]
    },
    {
      "mode": "managed",
      "type": "aws_vpc_security_group_egress_rule",
      "name": "authorize_outbound_http",
      "provider": "provider[\"registry.terraform.io/hashicorp/aws\"]",
      "instances": [
        {
          "schema_version": 0,
          "attributes": {
            "arn": "arn:aws:ec2:us-east-2:202077789918:security-group-rule/sgr-043ef9da01e4800c9",
            "cidr_ipv4": "0.0.0.0/0",
            "cidr_ipv6": null,
            "description": null,
            "from_port": 80,
            "id": "sgr-043ef9da01e4800c9",
            "ip_protocol": "tcp",
            "prefix_list_id": null,
            "referenced_security_group_id": null,
            "region": "us-east-2",
            "security_group_id": "sg-0a09eea7b8eb2af8c",
            "security_group_rule_id": "sgr-043ef9da01e4800c9",
            "tags": null,
            "tags_all": {},
            "to_port": 80
          },
          "sensitive_attributes": [],
          "identity_schema_version": 0,
          "identity": {
            "account_id": "202077789918",
            "id": "sgr-043ef9da01e4800c9",
            "region": "us-east-2"
          },
          "dependencies": [
            "module.vpc.aws_vpc.vpc",
            "module.web_server.aws_security_group.allow_access"
          ]
        }
      ]
    },
    {
      "mode": "managed",
      "type": "aws_vpc_security_group_egress_rule",
      "name": "authorize_outbound_https",
      "provider": "provider[\"registry.terraform.io/hashicorp/aws\"]",
      "instances": [
        {
          "schema_version": 0,
          "attributes": {
            "arn": "arn:aws:ec2:us-east-2:202077789918:security-group-rule/sgr-05eb44e81f6b908fd",
            "cidr_ipv4": "0.0.0.0/0",
            "cidr_ipv6": null,
            "description": null,
            "from_port": 443,
            "id": "sgr-05eb44e81f6b908fd",
            "ip_protocol": "tcp",
            "prefix_list_id": null,
            "referenced_security_group_id": null,
            "region": "us-east-2",
            "security_group_id": "sg-0a09eea7b8eb2af8c",
            "security_group_rule_id": "sgr-05eb44e81f6b908fd",
            "tags": null,
            "tags_all": {},
            "to_port": 443
          },
          "sensitive_attributes": [],
          "identity_schema_version": 0,
          "identity": {
            "account_id": "202077789918",
            "id": "sgr-05eb44e81f6b908fd",
            "region": "us-east-2"
          },
          "dependencies": [
            "module.vpc.aws_vpc.vpc",
            "module.web_server.aws_security_group.allow_access"
          ]
        }
      ]
    },
    {
      "mode": "managed",
      "type": "aws_vpc_security_group_ingress_rule",
      "name": "authorize_inbound_http",
      "provider": "provider[\"registry.terraform.io/hashicorp/aws\"]",
      "instances": [
        {
          "schema_version": 0,
          "attributes": {
            "arn": "arn:aws:ec2:us-east-2:202077789918:security-group-rule/sgr-00438dd57bfc57a54",
            "cidr_ipv4": "0.0.0.0/0",
            "cidr_ipv6": null,
            "description": null,
            "from_port": 80,
            "id": "sgr-00438dd57bfc57a54",
            "ip_protocol": "tcp",
            "prefix_list_id": null,
            "referenced_security_group_id": null,
            "region": "us-east-2",
            "security_group_id": "sg-0a09eea7b8eb2af8c",
            "security_group_rule_id": "sgr-00438dd57bfc57a54",
            "tags": null,
            "tags_all": {},
            "to_port": 80
          },
          "sensitive_attributes": [],
          "identity_schema_version": 0,
          "identity": {
            "account_id": "202077789918",
            "id": "sgr-00438dd57bfc57a54",
            "region": "us-east-2"
          },
          "dependencies": [
            "module.vpc.aws_vpc.vpc",
            "module.web_server.aws_security_group.allow_access"
          ]
        }
      ]
    },
    {
      "mode": "managed",
      "type": "aws_vpc_security_group_ingress_rule",
      "name": "authorize_inbound_https",
      "provider": "provider[\"registry.terraform.io/hashicorp/aws\"]",
      "instances": [
        {
          "schema_version": 0,
          "attributes": {
            "arn": "arn:aws:ec2:us-east-2:202077789918:security-group-rule/sgr-0e0b936d9c8616127",
            "cidr_ipv4": "0.0.0.0/0",
            "cidr_ipv6": null,
            "description": null,
            "from_port": 443,
            "id": "sgr-0e0b936d9c8616127",
            "ip_protocol": "tcp",
            "prefix_list_id": null,
            "referenced_security_group_id": null,
            "region": "us-east-2",
            "security_group_id": "sg-0a09eea7b8eb2af8c",
            "security_group_rule_id": "sgr-0e0b936d9c8616127",
            "tags": null,
            "tags_all": {},
            "to_port": 443
          },
          "sensitive_attributes": [],
          "identity_schema_version": 0,
          "identity": {
            "account_id": "202077789918",
            "id": "sgr-0e0b936d9c8616127",
            "region": "us-east-2"
          },
          "dependencies": [
            "module.vpc.aws_vpc.vpc",
            "module.web_server.aws_security_group.allow_access"
          ]
        }
      ]
    },
    {
      "mode": "managed",
      "type": "aws_vpc_security_group_ingress_rule",
      "name": "authorize_inbound_ssh",
      "provider": "provider[\"registry.terraform.io/hashicorp/aws\"]",
      "instances": [
        {
          "schema_version": 0,
          "attributes": {
            "arn": "arn:aws:ec2:us-east-2:202077789918:security-group-rule/sgr-0ba431a3f8fb3669d",
            "cidr_ipv4": "0.0.0.0/0",
            "cidr_ipv6": null,
            "description": null,
            "from_port": 22,
            "id": "sgr-0ba431a3f8fb3669d",
            "ip_protocol": "tcp",
            "prefix_list_id": null,
            "referenced_security_group_id": null,
            "region": "us-east-2",
            "security_group_id": "sg-0a09eea7b8eb2af8c",
            "security_group_rule_id": "sgr-0ba431a3f8fb3669d",
            "tags": null,
            "tags_all": {},
            "to_port": 22
          },
          "sensitive_attributes": [],
          "identity_schema_version": 0,
          "identity": {
            "account_id": "202077789918",
            "id": "sgr-0ba431a3f8fb3669d",
            "region": "us-east-2"
          },
          "dependencies": [
            "module.vpc.aws_vpc.vpc",
            "module.web_server.aws_security_group.allow_access"
          ]
        }
      ]
    },
    {
      "mode": "managed",
      "type": "aws_vpc_security_group_ingress_rule",
      "name": "authorize_return_internet_traffic",
      "provider": "provider[\"registry.terraform.io/hashicorp/aws\"]",
      "instances": [
        {
          "schema_version": 0,
          "attributes": {
            "arn": "arn:aws:ec2:us-east-2:202077789918:security-group-rule/sgr-06aef3f3a03e83104",
            "cidr_ipv4": "0.0.0.0/0",
            "cidr_ipv6": null,
            "description": null,
            "from_port": 1024,
            "id": "sgr-06aef3f3a03e83104",
            "ip_protocol": "tcp",
            "prefix_list_id": null,
            "referenced_security_group_id": null,
            "region": "us-east-2",
            "security_group_id": "sg-0a09eea7b8eb2af8c",
            "security_group_rule_id": "sgr-06aef3f3a03e83104",
            "tags": null,
            "tags_all": {},
            "to_port": 65535
          },
          "sensitive_attributes": [],
          "identity_schema_version": 0,
          "identity": {
            "account_id": "202077789918",
            "id": "sgr-06aef3f3a03e83104",
            "region": "us-east-2"
          },
          "dependencies": [
            "module.vpc.aws_vpc.vpc",
            "module.web_server.aws_security_group.allow_access"
          ]
        }
      ]
    },
    {
      "module": "module.vpc",
      "mode": "managed",
      "type": "aws_internet_gateway",
      "name": "gw",
      "provider": "provider[\"registry.terraform.io/hashicorp/aws\"]",
      "instances": [
        {
          "schema_version": 0,
          "attributes": {
            "arn": "arn:aws:ec2:us-east-2:202077789918:internet-gateway/igw-07b89bf7deef1fa16",
            "id": "igw-07b89bf7deef1fa16",
            "owner_id": "202077789918",
            "region": "us-east-2",
            "tags": {
              "Name": "cloud-1-gw"
            },
            "tags_all": {
              "Name": "cloud-1-gw"
            },
            "timeouts": null,
            "vpc_id": "vpc-0dc4e4c06e6c5d3a6"
          },
          "sensitive_attributes": [],
          "identity_schema_version": 0,
          "identity": {
            "account_id": "202077789918",
            "id": "igw-07b89bf7deef1fa16",
            "region": "us-east-2"
          },
          "private": "eyJlMmJmYjczMC1lY2FhLTExZTYtOGY4OC0zNDM2M2JjN2M0YzAiOnsiY3JlYXRlIjoxMjAwMDAwMDAwMDAwLCJkZWxldGUiOjEyMDAwMDAwMDAwMDAsInVwZGF0ZSI6MTIwMDAwMDAwMDAwMH19",
          "dependencies": [
            "module.vpc.aws_vpc.vpc"
          ]
        }
      ]
    },
    {
      "module": "module.vpc",
      "mode": "managed",
      "type": "aws_network_acl",
      "name": "app_network_acl",
      "provider": "provider[\"registry.terraform.io/hashicorp/aws\"]",
      "instances": [
        {
          "schema_version": 0,
          "attributes": {
            "arn": "arn:aws:ec2:us-east-2:202077789918:network-acl/acl-05014e76297a47d6b",
            "egress": [],
            "id": "acl-05014e76297a47d6b",
            "ingress": [],
            "owner_id": "202077789918",
            "region": "us-east-2",
            "subnet_ids": [],
            "tags": {
              "Name": "cloud-1-nacl"
            },
            "tags_all": {
              "Name": "cloud-1-nacl"
            },
            "vpc_id": "vpc-0dc4e4c06e6c5d3a6"
          },
          "sensitive_attributes": [],
          "identity_schema_version": 0,
          "private": "bnVsbA==",
          "dependencies": [
            "module.vpc.aws_vpc.vpc"
          ]
        }
      ]
    },
    {
      "module": "module.vpc",
      "mode": "managed",
      "type": "aws_network_acl_association",
      "name": "associate_with_subnet",
      "provider": "provider[\"registry.terraform.io/hashicorp/aws\"]",
      "instances": [
        {
          "schema_version": 0,
          "attributes": {
            "id": "aclassoc-091e02e86fb46a35f",
            "network_acl_id": "acl-05014e76297a47d6b",
            "region": "us-east-2",
            "subnet_id": "subnet-01ca9af5a42cf6467"
          },
          "sensitive_attributes": [],
          "identity_schema_version": 0,
          "private": "bnVsbA==",
          "dependencies": [
            "module.vpc.aws_network_acl.app_network_acl",
            "module.vpc.aws_subnet.public",
            "module.vpc.aws_vpc.vpc"
          ]
        }
      ]
    },
    {
      "module": "module.vpc",
      "mode": "managed",
      "type": "aws_route_table",
      "name": "subnet_route_table",
      "provider": "provider[\"registry.terraform.io/hashicorp/aws\"]",
      "instances": [
        {
          "schema_version": 0,
          "attributes": {
            "arn": "arn:aws:ec2:us-east-2:202077789918:route-table/rtb-087213a2a8c5fdd67",
            "id": "rtb-087213a2a8c5fdd67",
            "owner_id": "202077789918",
            "propagating_vgws": [],
            "region": "us-east-2",
            "route": [],
            "tags": {
              "Name": "cloud-1-gw-rt"
            },
            "tags_all": {
              "Name": "cloud-1-gw-rt"
            },
            "timeouts": null,
            "vpc_id": "vpc-0dc4e4c06e6c5d3a6"
          },
          "sensitive_attributes": [],
          "identity_schema_version": 0,
          "identity": {
            "account_id": "202077789918",
            "id": "rtb-087213a2a8c5fdd67",
            "region": "us-east-2"
          },
          "private": "eyJlMmJmYjczMC1lY2FhLTExZTYtOGY4OC0zNDM2M2JjN2M0YzAiOnsiY3JlYXRlIjozMDAwMDAwMDAwMDAsImRlbGV0ZSI6MzAwMDAwMDAwMDAwLCJ1cGRhdGUiOjEyMDAwMDAwMDAwMH19",
          "dependencies": [
            "module.vpc.aws_vpc.vpc"
          ]
        }
      ]
    },
    {
      "module": "module.vpc",
      "mode": "managed",
      "type": "aws_route_table_association",
      "name": "associate_with_subnet",
      "provider": "provider[\"registry.terraform.io/hashicorp/aws\"]",
      "instances": [
        {
          "schema_version": 0,
          "attributes": {
            "gateway_id": "",
            "id": "rtbassoc-0c41245295b3c5347",
            "region": "us-east-2",
            "route_table_id": "rtb-087213a2a8c5fdd67",
            "subnet_id": "subnet-01ca9af5a42cf6467",
            "timeouts": null
          },
          "sensitive_attributes": [],
          "identity_schema_version": 0,
          "identity": {
            "account_id": "202077789918",
            "id": "rtbassoc-0c41245295b3c5347",
            "region": "us-east-2"
          },
          "private": "eyJlMmJmYjczMC1lY2FhLTExZTYtOGY4OC0zNDM2M2JjN2M0YzAiOnsiY3JlYXRlIjozMDAwMDAwMDAwMDAsImRlbGV0ZSI6MzAwMDAwMDAwMDAwLCJ1cGRhdGUiOjEyMDAwMDAwMDAwMH19",
          "dependencies": [
            "module.vpc.aws_route_table.subnet_route_table",
            "module.vpc.aws_subnet.public",
            "module.vpc.aws_vpc.vpc"
          ]
        }
      ]
    },
    {
      "module": "module.vpc",
      "mode": "managed",
      "type": "aws_subnet",
      "name": "public",
      "provider": "provider[\"registry.terraform.io/hashicorp/aws\"]",
      "instances": [
        {
          "schema_version": 1,
          "attributes": {
            "arn": "arn:aws:ec2:us-east-2:202077789918:subnet/subnet-01ca9af5a42cf6467",
            "assign_ipv6_address_on_creation": false,
            "availability_zone": "us-east-2c",
            "availability_zone_id": "use2-az3",
            "cidr_block": "192.168.56.0/28",
            "customer_owned_ipv4_pool": "",
            "enable_dns64": false,
            "enable_lni_at_device_index": 0,
            "enable_resource_name_dns_a_record_on_launch": false,
            "enable_resource_name_dns_aaaa_record_on_launch": false,
            "id": "subnet-01ca9af5a42cf6467",
            "ipv4_ipam_pool_id": null,
            "ipv4_netmask_length": null,
            "ipv6_cidr_block": "",
            "ipv6_cidr_block_association_id": "",
            "ipv6_ipam_pool_id": null,
            "ipv6_native": false,
            "ipv6_netmask_length": null,
            "map_customer_owned_ip_on_launch": false,
            "map_public_ip_on_launch": true,
            "outpost_arn": "",
            "owner_id": "202077789918",
            "private_dns_hostname_type_on_launch": "ip-name",
            "region": "us-east-2",
            "tags": {
              "Name": "cloud-1-subnet"
            },
            "tags_all": {
              "Name": "cloud-1-subnet"
            },
            "timeouts": null,
            "vpc_id": "vpc-0dc4e4c06e6c5d3a6"
          },
          "sensitive_attributes": [],
          "identity_schema_version": 0,
          "identity": {
            "account_id": "202077789918",
            "id": "subnet-01ca9af5a42cf6467",
            "region": "us-east-2"
          },
          "private": "eyJlMmJmYjczMC1lY2FhLTExZTYtOGY4OC0zNDM2M2JjN2M0YzAiOnsiY3JlYXRlIjo2MDAwMDAwMDAwMDAsImRlbGV0ZSI6MTIwMDAwMDAwMDAwMH0sInNjaGVtYV92ZXJzaW9uIjoiMSJ9",
          "dependencies": [
            "module.vpc.aws_vpc.vpc"
          ]
        }
      ]
    },
    {
      "module": "module.vpc",
      "mode": "managed",
      "type": "aws_vpc",
      "name": "vpc",
      "provider": "provider[\"registry.terraform.io/hashicorp/aws\"]",
      "instances": [
        {
          "schema_version": 1,
          "attributes": {
            "arn": "arn:aws:ec2:us-east-2:202077789918:vpc/vpc-0dc4e4c06e6c5d3a6",
            "assign_generated_ipv6_cidr_block": false,
            "cidr_block": "192.168.56.0/24",
            "default_network_acl_id": "acl-0be534fd51d908aaa",
            "default_route_table_id": "rtb-06cfa32a814a6a192",
            "default_security_group_id": "sg-0615e7184c1130078",
            "dhcp_options_id": "dopt-0e4b6b17cd09a0da6",
            "enable_dns_hostnames": true,
            "enable_dns_support": true,
            "enable_network_address_usage_metrics": false,
            "id": "vpc-0dc4e4c06e6c5d3a6",
            "instance_tenancy": "default",
            "ipv4_ipam_pool_id": null,
            "ipv4_netmask_length": null,
            "ipv6_association_id": "",
            "ipv6_cidr_block": "",
            "ipv6_cidr_block_network_border_group": "",
            "ipv6_ipam_pool_id": "",
            "ipv6_netmask_length": 0,
            "main_route_table_id": "rtb-06cfa32a814a6a192",
            "owner_id": "202077789918",
            "region": "us-east-2",
            "tags": {
              "Name": "cloud-1-vpc"
            },
            "tags_all": {
              "Name": "cloud-1-vpc"
            }
          },
          "sensitive_attributes": [],
          "identity_schema_version": 0,
          "identity": {
            "account_id": "202077789918",
            "id": "vpc-0dc4e4c06e6c5d3a6",
            "region": "us-east-2"
          },
          "private": "eyJzY2hlbWFfdmVyc2lvbiI6IjEifQ==",
          "create_before_destroy": true
        }
      ]
    },
    {
      "module": "module.web_server",
      "mode": "data",
      "type": "aws_ami",
      "name": "image",
      "provider": "provider[\"registry.terraform.io/hashicorp/aws\"]",
      "instances": [
        {
          "schema_version": 0,
          "attributes": {
            "allow_unsafe_filter": null,
            "architecture": "x86_64",
            "arn": "arn:aws:ec2:us-east-2::image/ami-0d36360f59174aeba",
            "block_device_mappings": [
              {
                "device_name": "/dev/sda1",
                "ebs": {
                  "delete_on_termination": "true",
                  "encrypted": "false",
                  "iops": "0",
                  "snapshot_id": "snap-0fc275a8e0fb39182",
                  "throughput": "0",
                  "volume_initialization_rate": "0",
                  "volume_size": "20",
                  "volume_type": "gp2"
                },
                "no_device": "",
                "virtual_name": ""
              },
              {
                "device_name": "/dev/sdb",
                "ebs": {},
                "no_device": "",
                "virtual_name": "ephemeral0"
              },
              {
                "device_name": "/dev/sdc",
                "ebs": {},
                "no_device": "",
                "virtual_name": "ephemeral1"
              }
            ],
            "boot_mode": "uefi-preferred",
            "creation_date": "2026-05-08T19:09:06.000Z",
            "deprecation_time": "2028-05-08T19:09:06.000Z",
            "description": "Canonical, Ubuntu Pro EKS Node OS (1.33), 22.04 LTS, amd64 jammy image",
            "ena_support": true,
            "executable_users": null,
            "filter": [
              {
                "name": "architecture",
                "values": [
                  "x86_64"
                ]
              },
              {
                "name": "root-device-type",
                "values": [
                  "ebs"
                ]
              },
              {
                "name": "virtualization-type",
                "values": [
                  "hvm"
                ]
              }
            ],
            "hypervisor": "xen",
            "id": "ami-0d36360f59174aeba",
            "image_id": "ami-0d36360f59174aeba",
            "image_location": "amazon/ubuntu-eks-pro/k8s_1.33/images/hvm-ssd/ubuntu-jammy-22.04-amd64-server-20260508",
            "image_owner_alias": "amazon",
            "image_type": "machine",
            "imds_support": "v2.0",
            "include_deprecated": false,
            "kernel_id": "",
            "last_launched_time": "",
            "most_recent": true,
            "name": "ubuntu-eks-pro/k8s_1.33/images/hvm-ssd/ubuntu-jammy-22.04-amd64-server-20260508",
            "name_regex": null,
            "owner_id": "099720109477",
            "owners": [
              "099720109477"
            ],
            "platform": "",
            "platform_details": "Ubuntu Pro Linux",
            "product_codes": [],
            "public": true,
            "ramdisk_id": "",
            "region": "us-east-2",
            "root_device_name": "/dev/sda1",
            "root_device_type": "ebs",
            "root_snapshot_id": "snap-0fc275a8e0fb39182",
            "sriov_net_support": "simple",
            "state": "available",
            "state_reason": {
              "code": "UNSET",
              "message": "UNSET"
            },
            "tags": {},
            "timeouts": null,
            "tpm_support": "",
            "uefi_data": null,
            "usage_operation": "RunInstances:0g00",
            "virtualization_type": "hvm"
          },
          "sensitive_attributes": [],
          "identity_schema_version": 0
        }
      ]
    },
    {
      "module": "module.web_server",
      "mode": "managed",
      "type": "aws_instance",
      "name": "app",
      "provider": "provider[\"registry.terraform.io/hashicorp/aws\"]",
      "instances": [
        {
          "schema_version": 2,
          "attributes": {
            "ami": "ami-0d36360f59174aeba",
            "arn": "arn:aws:ec2:us-east-2:202077789918:instance/i-042bb9927ac931844",
            "associate_public_ip_address": true,
            "availability_zone": "us-east-2c",
            "capacity_reservation_specification": [
              {
                "capacity_reservation_preference": "open",
                "capacity_reservation_target": []
              }
            ],
            "cpu_options": [
              {
                "amd_sev_snp": "",
                "core_count": 1,
                "nested_virtualization": "",
                "threads_per_core": 1
              }
            ],
            "credit_specification": [
              {
                "cpu_credits": "standard"
              }
            ],
            "disable_api_stop": false,
            "disable_api_termination": false,
            "ebs_block_device": [],
            "ebs_optimized": false,
            "enable_primary_ipv6": null,
            "enclave_options": [
              {
                "enabled": false
              }
            ],
            "ephemeral_block_device": [],
            "force_destroy": false,
            "get_password_data": false,
            "hibernation": false,
            "host_id": "",
            "host_resource_group_arn": null,
            "iam_instance_profile": "",
            "id": "i-042bb9927ac931844",
            "instance_initiated_shutdown_behavior": "stop",
            "instance_lifecycle": "",
            "instance_market_options": [],
            "instance_state": "running",
            "instance_type": "t2.micro",
            "ipv6_address_count": 0,
            "ipv6_addresses": [],
            "key_name": "learn",
            "launch_template": [
              {
                "id": "lt-05f7c86aeaef4b9c8",
                "name": "cloud-1-template",
                "version": "$Default"
              }
            ],
            "maintenance_options": [
              {
                "auto_recovery": "default"
              }
            ],
            "metadata_options": [
              {
                "http_endpoint": "enabled",
                "http_protocol_ipv6": "disabled",
                "http_put_response_hop_limit": 2,
                "http_tokens": "required",
                "instance_metadata_tags": "disabled"
              }
            ],
            "monitoring": false,
            "network_interface": [],
            "outpost_arn": "",
            "password_data": "",
            "placement_group": "",
            "placement_group_id": "",
            "placement_partition_number": 0,
            "primary_network_interface": [
              {
                "delete_on_termination": true,
                "network_interface_id": "eni-00ecde17b2baae03f"
              }
            ],
            "primary_network_interface_id": "eni-00ecde17b2baae03f",
            "private_dns": "ip-192-168-56-6.us-east-2.compute.internal",
            "private_dns_name_options": [
              {
                "enable_resource_name_dns_a_record": false,
                "enable_resource_name_dns_aaaa_record": false,
                "hostname_type": "ip-name"
              }
            ],
            "private_ip": "192.168.56.6",
            "public_dns": "ec2-52-15-63-4.us-east-2.compute.amazonaws.com",
            "public_ip": "52.15.63.4",
            "region": "us-east-2",
            "root_block_device": [
              {
                "delete_on_termination": true,
                "device_name": "/dev/sda1",
                "encrypted": false,
                "iops": 100,
                "kms_key_id": "",
                "tags": {},
                "tags_all": {},
                "throughput": 0,
                "volume_id": "vol-0265c0c2f33925c9d",
                "volume_size": 20,
                "volume_type": "gp2"
              }
            ],
            "secondary_network_interface": [],
            "secondary_private_ips": [],
            "security_groups": [],
            "source_dest_check": true,
            "spot_instance_request_id": "",
            "subnet_id": "subnet-01ca9af5a42cf6467",
            "tags": {
              "Name": "cloud-1-instance",
              "UsedForAnsible": "true"
            },
            "tags_all": {
              "Name": "cloud-1-instance",
              "UsedForAnsible": "true"
            },
            "tenancy": "default",
            "timeouts": null,
            "user_data": null,
            "user_data_base64": null,
            "user_data_replace_on_change": false,
            "volume_tags": null,
            "vpc_security_group_ids": [
              "sg-0a09eea7b8eb2af8c"
            ]
          },
          "sensitive_attributes": [],
          "identity_schema_version": 0,
          "identity": {
            "account_id": "202077789918",
            "id": "i-042bb9927ac931844",
            "region": "us-east-2"
          },
          "private": "eyJlMmJmYjczMC1lY2FhLTExZTYtOGY4OC0zNDM2M2JjN2M0YzAiOnsiY3JlYXRlIjo2MDAwMDAwMDAwMDAsImRlbGV0ZSI6MTIwMDAwMDAwMDAwMCwicmVhZCI6OTAwMDAwMDAwMDAwLCJ1cGRhdGUiOjYwMDAwMDAwMDAwMH0sInNjaGVtYV92ZXJzaW9uIjoiMiJ9",
          "dependencies": [
            "module.vpc.aws_subnet.public",
            "module.vpc.aws_vpc.vpc",
            "module.web_server.aws_launch_template.app",
            "module.web_server.aws_security_group.allow_access",
            "module.web_server.data.aws_ami.image"
          ]
        }
      ]
    },
    {
      "module": "module.web_server",
      "mode": "managed",
      "type": "aws_launch_template",
      "name": "app",
      "provider": "provider[\"registry.terraform.io/hashicorp/aws\"]",
      "instances": [
        {
          "schema_version": 1,
          "attributes": {
            "arn": "arn:aws:ec2:us-east-2:202077789918:launch-template/lt-05f7c86aeaef4b9c8",
            "block_device_mappings": [],
            "capacity_reservation_specification": [],
            "cpu_options": [],
            "credit_specification": [],
            "default_version": 1,
            "description": "",
            "disable_api_stop": false,
            "disable_api_termination": false,
            "ebs_optimized": "",
            "enclave_options": [],
            "hibernation_options": [],
            "iam_instance_profile": [],
            "id": "lt-05f7c86aeaef4b9c8",
            "image_id": "ami-0d36360f59174aeba",
            "instance_initiated_shutdown_behavior": "",
            "instance_market_options": [],
            "instance_requirements": [],
            "instance_type": "t2.micro",
            "kernel_id": "",
            "key_name": "learn",
            "latest_version": 1,
            "license_specification": [],
            "maintenance_options": [],
            "metadata_options": [],
            "monitoring": [],
            "name": "cloud-1-template",
            "name_prefix": "",
            "network_interfaces": [
              {
                "associate_carrier_ip_address": "",
                "associate_public_ip_address": "",
                "connection_tracking_specification": [],
                "delete_on_termination": "",
                "description": "",
                "device_index": 0,
                "ena_srd_specification": [],
                "interface_type": "",
                "ipv4_address_count": 0,
                "ipv4_addresses": null,
                "ipv4_prefix_count": 0,
                "ipv4_prefixes": null,
                "ipv6_address_count": 0,
                "ipv6_addresses": null,
                "ipv6_prefix_count": 0,
                "ipv6_prefixes": null,
                "network_card_index": 0,
                "network_interface_id": "",
                "primary_ipv6": "",
                "private_ip_address": "",
                "security_groups": [
                  "sg-0a09eea7b8eb2af8c"
                ],
                "subnet_id": "subnet-01ca9af5a42cf6467"
              }
            ],
            "network_performance_options": [],
            "placement": [],
            "private_dns_name_options": [],
            "ram_disk_id": "",
            "region": "us-east-2",
            "secondary_interfaces": [],
            "security_group_names": null,
            "tag_specifications": [
              {
                "resource_type": "instance",
                "tags": {
                  "Name": "cloud-1-instance",
                  "UsedForAnsible": "true"
                }
              }
            ],
            "tags": null,
            "tags_all": {},
            "update_default_version": null,
            "user_data": "",
            "vpc_security_group_ids": null
          },
          "sensitive_attributes": [],
          "identity_schema_version": 0,
          "identity": {
            "account_id": "202077789918",
            "id": "lt-05f7c86aeaef4b9c8",
            "region": "us-east-2"
          },
          "private": "eyJzY2hlbWFfdmVyc2lvbiI6IjEifQ==",
          "dependencies": [
            "module.vpc.aws_subnet.public",
            "module.vpc.aws_vpc.vpc",
            "module.web_server.aws_security_group.allow_access",
            "module.web_server.data.aws_ami.image"
          ]
        }
      ]
    },
    {
      "module": "module.web_server",
      "mode": "managed",
      "type": "aws_security_group",
      "name": "allow_access",
      "provider": "provider[\"registry.terraform.io/hashicorp/aws\"]",
      "instances": [
        {
          "schema_version": 1,
          "attributes": {
            "arn": "arn:aws:ec2:us-east-2:202077789918:security-group/sg-0a09eea7b8eb2af8c",
            "description": "Allow public traffic to access the instance",
            "egress": [],
            "id": "sg-0a09eea7b8eb2af8c",
            "ingress": [],
            "name": "allow-connection",
            "name_prefix": "",
            "owner_id": "202077789918",
            "region": "us-east-2",
            "revoke_rules_on_delete": false,
            "tags": {
              "Name": "cloud-1-sg"
            },
            "tags_all": {
              "Name": "cloud-1-sg"
            },
            "timeouts": null,
            "vpc_id": "vpc-0dc4e4c06e6c5d3a6"
          },
          "sensitive_attributes": [],
          "identity_schema_version": 0,
          "identity": {
            "account_id": "202077789918",
            "id": "sg-0a09eea7b8eb2af8c",
            "region": "us-east-2"
          },
          "private": "eyJlMmJmYjczMC1lY2FhLTExZTYtOGY4OC0zNDM2M2JjN2M0YzAiOnsiY3JlYXRlIjo2MDAwMDAwMDAwMDAsImRlbGV0ZSI6OTAwMDAwMDAwMDAwfSwic2NoZW1hX3ZlcnNpb24iOiIxIn0=",
          "dependencies": [
            "module.vpc.aws_vpc.vpc"
          ],
          "create_before_destroy": true
        }
      ]
    }
  ],
  "check_results": null
}
